
Microsoft Visual Studio Solution File, Format Version 12.00
# Visual Studio 15
VisualStudioVersion = 15.0.27004.2006
MinimumVisualStudioVersion = 10.0.40219.1
Project("{FAE04EC0-301F-11D3-BF4B-00C04F79EFBC}") = "Proje", "Proje\Proje.csproj", "{6FD13CF4-BD55-422F-BEE8-317072BB983A}"
EndProject
Global
	GlobalSection(SolutionConfigurationPlatforms) = preSolution
		Debug|Any CPU = Debug|Any CPU
		Release|Any CPU = Release|Any CPU
	EndGlobalSection
	GlobalSection(ProjectConfigurationPlatforms) = postSolution
		{6FD13CF4-BD55-422F-BEE8-317072BB983A}.Debug|Any CPU.ActiveCfg = Debug|Any CPU
		{6FD13CF4-BD55-422F-BEE8-317072BB983A}.Debug|Any CPU.Build.0 = Debug|Any CPU
		{6FD13CF4-BD55-422F-BEE8-317072BB983A}.Release|Any CPU.ActiveCfg = Release|Any CPU
		{6FD13CF4-BD55-422F-BEE8-317072BB983A}.Release|Any CPU.Build.0 = Release|Any CPU
	EndGlobalSection
	GlobalSection(SolutionProperties) = preSolution
		HideSolutionNode = FALSE
	EndGlobalSection
	GlobalSection(ExtensibilityGlobals) = postSolution
		SolutionGuid = {451D9C4D-CF56-4891-9B28-A883B1067D5E}
	EndGlobalSection
EndGlobal
